
Microsoft Visual Studio Solution File, Format Version 12.00
# Visual Studio Version 17
VisualStudioVersion = 17.4.33122.133
MinimumVisualStudioVersion = 10.0.40219.1
Project("{FAE04EC0-301F-11D3-BF4B-00C04F79EFBC}") = "Morseovka", "Morseovka\Morseovka.csproj", "{EE3A3366-07D4-4A82-A508-99972816C5DA}"
EndProject
Global
	GlobalSection(SolutionConfigurationPlatforms) = preSolution
		Debug|Any CPU = Debug|Any CPU
		Release|Any CPU = Release|Any CPU
	EndGlobalSection
	GlobalSection(ProjectConfigurationPlatforms) = postSolution
		{EE3A3366-07D4-4A82-A508-99972816C5DA}.Debug|Any CPU.ActiveCfg = Debug|Any CPU
		{EE3A3366-07D4-4A82-A508-99972816C5DA}.Debug|Any CPU.Build.0 = Debug|Any CPU
		{EE3A3366-07D4-4A82-A508-99972816C5DA}.Release|Any CPU.ActiveCfg = Release|Any CPU
		{EE3A3366-07D4-4A82-A508-99972816C5DA}.Release|Any CPU.Build.0 = Release|Any CPU
	EndGlobalSection
	GlobalSection(SolutionProperties) = preSolution
		HideSolutionNode = FALSE
	EndGlobalSection
	GlobalSection(ExtensibilityGlobals) = postSolution
		SolutionGuid = {E5E50D6C-8755-4CAE-9DBE-EC46AB4357E4}
	EndGlobalSection
EndGlobal
